{
  "name": "backend",
  "version": "1.0.0",
  "lockfileVersion": 3,
  "requires": true,
  "packages": {
    "": {
      "name": "backend",
      "version": "1.0.0",
      "license": "ISC",
      "dependencies": {
        "@paypal/checkout-server-sdk": "^1.0.3",
        "ejs": "^5.0.2",
        "nodemailer": "^8.0.7"
      }
    },
    "node_modules/@paypal/checkout-server-sdk": {
      "version": "1.0.3",
      "resolved": "https://registry.npmjs.org/@paypal/checkout-server-sdk/-/checkout-server-sdk-1.0.3.tgz",
      "integrity": "sha512-UEdq8akEdMz0Vs4qoQFU2gMp8PpyE/HKyMwiZuK4vIWUKl8jfd1fWKjQN5cDFm9NkFUIp5U7h++rdMOVj9WMNA==",
      "deprecated": "Package no longer supported. The author suggests using the @paypal/paypal-server-sdk package instead: https://www.npmjs.com/package/@paypal/paypal-server-sdk. Contact Support at https://www.npmjs.com/support for more info.",
      "license": "SEE LICENSE IN https://github.com/paypal/Checkout-NodeJS-SDK/blob/master/LICENSE",
      "dependencies": {
        "@paypal/paypalhttp": "^1.0.1"
      },
      "engines": {
        "node": ">=8"
      }
    },
    "node_modules/@paypal/paypalhttp": {
      "version": "1.0.1",
      "resolved": "https://registry.npmjs.org/@paypal/paypalhttp/-/paypalhttp-1.0.1.tgz",
      "integrity": "sha512-DC7AHxTT7drF6dUi3YaFdPVuT15sIkpD5H2eHmdtFgxM4UanS1o1ZDfMhR9mpxd8o+X6pz2r+EZVRRq+n1cssQ==",
      "license": "MIT",
      "engines": {
        "node": ">=4"
      }
    },
    "node_modules/ejs": {
      "version": "5.0.2",
      "resolved": "https://registry.npmjs.org/ejs/-/ejs-5.0.2.tgz",
      "integrity": "sha512-IpbUaI/CAW86l3f+T8zN0iggSc0LmMZLcIW5eRVStLVNCoTXkE0YlncbbH50fp8Cl6zHIky0sW2uUbhBqGw0Jw==",
      "license": "Apache-2.0",
      "bin": {
        "ejs": "bin/cli.js"
      },
      "engines": {
        "node": ">=0.12.18"
      }
    },
    "node_modules/nodemailer": {
      "version": "8.0.7",
      "resolved": "https://registry.npmjs.org/nodemailer/-/nodemailer-8.0.7.tgz",
      "integrity": "sha512-pkjE4mkBzQjdJT4/UmlKl3pX0rC9fZmjh7c6C9o7lv66Ac6w9WCnzPzhbPNxwZAzlF4mdq4CSWB5+FbK6FWCow==",
      "license": "MIT-0",
      "engines": {
        "node": ">=6.0.0"
      }
    }
  }
}
